lockVersion: 2.0.0
id: c16fa30c-a890-4023-821e-db9a9057b0ee
management:
  docChecksum: 7679d45eedf534a120ff24a3f57e4333
  docVersion: 1.0.0
  speakeasyVersion: 1.467.1
  generationVersion: 2.492.3
  releaseVersion: 0.0.3
  configChecksum: 45908ea9c12b47e77c0d1a0631982640
features:
  typescript:
    additionalDependencies: 0.1.0
    constsAndDefaults: 0.1.11
    core: 3.18.12
    defaultEnabledRetries: 0.1.0
    devContainers: 2.90.0
    enumUnions: 0.1.0
    envVarSecurityUsage: 0.1.2
    globalSecurity: 2.82.12
    globalSecurityCallbacks: 0.1.0
    globalSecurityFlattening: 0.1.0
    globalServerURLs: 2.82.4
    nullables: 0.1.0
    responseFormat: 0.2.3
    retries: 2.83.0
    sdkHooks: 0.2.0
    unions: 2.85.8
generatedFiles:
  - .devcontainer/README.md
  - .devcontainer/devcontainer.json
  - .devcontainer/setup.sh
  - .eslintrc.cjs
  - .gitattributes
  - .npmignore
  - CONTRIBUTING.md
  - FUNCTIONS.md
  - RUNTIMES.md
  - USAGE.md
  - docs/lib/utils/retryconfig.md
  - docs/models/components/acceptedpolicies.md
  - docs/models/components/acceptpoliciestasksummary.md
  - docs/models/components/acceptpoliciestasksummarydisabled.md
  - docs/models/components/addauditorinput.md
  - docs/models/components/addcommentinput.md
  - docs/models/components/audit.md
  - docs/models/components/auditevidencestate.md
  - docs/models/components/auditevidencetype.md
  - docs/models/components/auditevidenceupdateinput.md
  - docs/models/components/auditor.md
  - docs/models/components/auditorcontrol.md
  - docs/models/components/auditorenabledstatetransition.md
  - docs/models/components/authdetails.md
  - docs/models/components/category.md
  - docs/models/components/comment.md
  - docs/models/components/completebackgroundcheckstasksummary.md
  - docs/models/components/completebackgroundcheckstasksummarydisabled.md
  - docs/models/components/completecustomtaskstasksummary.md
  - docs/models/components/completecustomtaskstasksummarydisabled.md
  - docs/models/components/completeoffboardingcustomtaskstasksummary.md
  - docs/models/components/completeoffboardingcustomtaskstasksummarydisabled.md
  - docs/models/components/completetrainingstasksummary.md
  - docs/models/components/control.md
  - docs/models/components/controldomain.md
  - docs/models/components/controlowner.md
  - docs/models/components/controlsource.md
  - docs/models/components/createcustomcontrolinput.md
  - docs/models/components/createcustomevidencerequestinput.md
  - docs/models/components/customevidencerequest.md
  - docs/models/components/customfield.md
  - docs/models/components/customtask.md
  - docs/models/components/deactivatemetadata.md
  - docs/models/components/disabled.md
  - docs/models/components/employment.md
  - docs/models/components/employmentstatus.md
  - docs/models/components/evidence.md
  - docs/models/components/evidencecontrol.md
  - docs/models/components/evidenceurl.md
  - docs/models/components/frameworkid.md
  - docs/models/components/frameworksection.md
  - docs/models/components/frameworksectionframeworkid.md
  - docs/models/components/installdevicemonitoringtasksummary.md
  - docs/models/components/installdevicemonitoringtasksummarydisabled.md
  - docs/models/components/integrationbasedpersoninfosource.md
  - docs/models/components/keyvaluepair.md
  - docs/models/components/leaveinfo.md
  - docs/models/components/leavestatus.md
  - docs/models/components/method.md
  - docs/models/components/name.md
  - docs/models/components/owner.md
  - docs/models/components/pageinfo.md
  - docs/models/components/paginatedresponseaudit.md
  - docs/models/components/paginatedresponseauditorcontrol.md
  - docs/models/components/paginatedresponseauditorcontrolresults.md
  - docs/models/components/paginatedresponsecomment.md
  - docs/models/components/paginatedresponsecommentresults.md
  - docs/models/components/paginatedresponseevidence.md
  - docs/models/components/paginatedresponseevidenceresults.md
  - docs/models/components/paginatedresponseevidenceurl.md
  - docs/models/components/paginatedresponseevidenceurlresults.md
  - docs/models/components/paginatedresponseperson.md
  - docs/models/components/paginatedresponsepersonresults.md
  - docs/models/components/paginatedresponsevendor.md
  - docs/models/components/paginatedresponsevendorresults.md
  - docs/models/components/paginatedresponsevulnerability.md
  - docs/models/components/paginatedresponsevulnerabilityremediation.md
  - docs/models/components/paginatedresponsevulnerabilityremediationresults.md
  - docs/models/components/paginatedresponsevulnerabilityresults.md
  - docs/models/components/paginatedresponsevulnerableasset.md
  - docs/models/components/paginatedresponsevulnerableassetresults.md
  - docs/models/components/person.md
  - docs/models/components/personemployment.md
  - docs/models/components/personinfosource.md
  - docs/models/components/personinfosourcetypeintegration.md
  - docs/models/components/personinfosourcetypescim.md
  - docs/models/components/personinfosourcetypevanta.md
  - docs/models/components/recurrenceduration.md
  - docs/models/components/results.md
  - docs/models/components/role.md
  - docs/models/components/scimbasedpersoninfosource.md
  - docs/models/components/security.md
  - docs/models/components/sources.md
  - docs/models/components/statusupdate.md
  - docs/models/components/taskssummary.md
  - docs/models/components/taskssummarystatus.md
  - docs/models/components/taskstatus.md
  - docs/models/components/tasksummarydetails.md
  - docs/models/components/tasktype.md
  - docs/models/components/tasktypeacceptpolicies.md
  - docs/models/components/tasktypecompletebackgroundchecks.md
  - docs/models/components/tasktypecompletecustomoffboardingtasks.md
  - docs/models/components/tasktypecompletecustomtasks.md
  - docs/models/components/tasktypecompletetrainings.md
  - docs/models/components/tasktypeinstalldevicemonitoring.md
  - docs/models/components/training.md
  - docs/models/components/unacceptedpolicies.md
  - docs/models/components/value.md
  - docs/models/components/vantabasedpersoninfosource.md
  - docs/models/components/vendor.md
  - docs/models/components/vendorrisklevel.md
  - docs/models/components/vendorstatus.md
  - docs/models/components/vulnerability.md
  - docs/models/components/vulnerabilityremediation.md
  - docs/models/components/vulnerabilityseverity.md
  - docs/models/components/vulnerabilitytype.md
  - docs/models/components/vulnerableasset.md
  - docs/models/components/vulnerableassetscanner.md
  - docs/models/components/vulnerableassettype.md
  - docs/models/components/vulnseveritytype.md
  - docs/models/operations/createcommentforauditevidencerequest.md
  - docs/models/operations/createcustomcontrolrequest.md
  - docs/models/operations/createcustomevidencerequestrequest.md
  - docs/models/operations/getvulnerableassetsrequest.md
  - docs/models/operations/listauditcommentsrequest.md
  - docs/models/operations/listauditcontrolsrequest.md
  - docs/models/operations/listauditevidencerequest.md
  - docs/models/operations/listauditevidenceurlsrequest.md
  - docs/models/operations/listauditsrequest.md
  - docs/models/operations/listpeopleinauditscoperequest.md
  - docs/models/operations/listvendorsrequest.md
  - docs/models/operations/listvulnerabilitiesrequest.md
  - docs/models/operations/listvulnerabilityremediationsinauditscoperequest.md
  - docs/models/operations/updateauditevidencerequest.md
  - docs/sdks/auditors/README.md
  - docs/sdks/audits/README.md
  - docs/sdks/loganvanta/README.md
  - jsr.json
  - package.json
  - src/core.ts
  - src/funcs/auditorsCreateAuditor.ts
  - src/funcs/auditsCreateCommentForAuditEvidence.ts
  - src/funcs/auditsCreateCustomControl.ts
  - src/funcs/auditsCreateCustomEvidenceRequest.ts
  - src/funcs/auditsGetVulnerableAssets.ts
  - src/funcs/auditsListAuditComments.ts
  - src/funcs/auditsListAuditControls.ts
  - src/funcs/auditsListAuditEvidence.ts
  - src/funcs/auditsListAuditEvidenceUrls.ts
  - src/funcs/auditsListAudits.ts
  - src/funcs/auditsListPeopleInAuditScope.ts
  - src/funcs/auditsListVendors.ts
  - src/funcs/auditsListVulnerabilities.ts
  - src/funcs/auditsListVulnerabilityRemediationsInAuditScope.ts
  - src/funcs/auditsUpdateAuditEvidence.ts
  - src/hooks/hooks.ts
  - src/hooks/index.ts
  - src/hooks/types.ts
  - src/index.ts
  - src/lib/base64.ts
  - src/lib/config.ts
  - src/lib/dlv.ts
  - src/lib/encodings.ts
  - src/lib/env.ts
  - src/lib/files.ts
  - src/lib/http.ts
  - src/lib/is-plain-object.ts
  - src/lib/logger.ts
  - src/lib/matchers.ts
  - src/lib/primitives.ts
  - src/lib/retries.ts
  - src/lib/schemas.ts
  - src/lib/sdks.ts
  - src/lib/security.ts
  - src/lib/url.ts
  - src/models/components/acceptpoliciestasksummary.ts
  - src/models/components/addauditorinput.ts
  - src/models/components/addcommentinput.ts
  - src/models/components/audit.ts
  - src/models/components/auditevidencestate.ts
  - src/models/components/auditevidencetype.ts
  - src/models/components/auditevidenceupdateinput.ts
  - src/models/components/auditor.ts
  - src/models/components/auditorcontrol.ts
  - src/models/components/auditorenabledstatetransition.ts
  - src/models/components/comment.ts
  - src/models/components/completebackgroundcheckstasksummary.ts
  - src/models/components/completecustomtaskstasksummary.ts
  - src/models/components/completeoffboardingcustomtaskstasksummary.ts
  - src/models/components/completetrainingstasksummary.ts
  - src/models/components/control.ts
  - src/models/components/controldomain.ts
  - src/models/components/controlsource.ts
  - src/models/components/createcustomcontrolinput.ts
  - src/models/components/createcustomevidencerequestinput.ts
  - src/models/components/customevidencerequest.ts
  - src/models/components/customfield.ts
  - src/models/components/customtask.ts
  - src/models/components/employmentstatus.ts
  - src/models/components/evidence.ts
  - src/models/components/evidencecontrol.ts
  - src/models/components/evidenceurl.ts
  - src/models/components/frameworkid.ts
  - src/models/components/frameworksection.ts
  - src/models/components/index.ts
  - src/models/components/installdevicemonitoringtasksummary.ts
  - src/models/components/integrationbasedpersoninfosource.ts
  - src/models/components/keyvaluepair.ts
  - src/models/components/leavestatus.ts
  - src/models/components/pageinfo.ts
  - src/models/components/paginatedresponseaudit.ts
  - src/models/components/paginatedresponseauditorcontrol.ts
  - src/models/components/paginatedresponsecomment.ts
  - src/models/components/paginatedresponseevidence.ts
  - src/models/components/paginatedresponseevidenceurl.ts
  - src/models/components/paginatedresponseperson.ts
  - src/models/components/paginatedresponsevendor.ts
  - src/models/components/paginatedresponsevulnerability.ts
  - src/models/components/paginatedresponsevulnerabilityremediation.ts
  - src/models/components/paginatedresponsevulnerableasset.ts
  - src/models/components/person.ts
  - src/models/components/personinfosource.ts
  - src/models/components/personinfosourcetypeintegration.ts
  - src/models/components/personinfosourcetypescim.ts
  - src/models/components/personinfosourcetypevanta.ts
  - src/models/components/recurrenceduration.ts
  - src/models/components/scimbasedpersoninfosource.ts
  - src/models/components/security.ts
  - src/models/components/taskssummarystatus.ts
  - src/models/components/taskstatus.ts
  - src/models/components/tasksummarydetails.ts
  - src/models/components/tasktype.ts
  - src/models/components/tasktypeacceptpolicies.ts
  - src/models/components/tasktypecompletebackgroundchecks.ts
  - src/models/components/tasktypecompletecustomoffboardingtasks.ts
  - src/models/components/tasktypecompletecustomtasks.ts
  - src/models/components/tasktypecompletetrainings.ts
  - src/models/components/tasktypeinstalldevicemonitoring.ts
  - src/models/components/training.ts
  - src/models/components/vantabasedpersoninfosource.ts
  - src/models/components/vendor.ts
  - src/models/components/vendorrisklevel.ts
  - src/models/components/vendorstatus.ts
  - src/models/components/vulnerability.ts
  - src/models/components/vulnerabilityremediation.ts
  - src/models/components/vulnerabilityseverity.ts
  - src/models/components/vulnerabilitytype.ts
  - src/models/components/vulnerableasset.ts
  - src/models/components/vulnerableassetscanner.ts
  - src/models/components/vulnerableassettype.ts
  - src/models/components/vulnseveritytype.ts
  - src/models/errors/apierror.ts
  - src/models/errors/httpclienterrors.ts
  - src/models/errors/index.ts
  - src/models/errors/sdkvalidationerror.ts
  - src/models/operations/createcommentforauditevidence.ts
  - src/models/operations/createcustomcontrol.ts
  - src/models/operations/createcustomevidencerequest.ts
  - src/models/operations/getvulnerableassets.ts
  - src/models/operations/index.ts
  - src/models/operations/listauditcomments.ts
  - src/models/operations/listauditcontrols.ts
  - src/models/operations/listauditevidence.ts
  - src/models/operations/listauditevidenceurls.ts
  - src/models/operations/listaudits.ts
  - src/models/operations/listpeopleinauditscope.ts
  - src/models/operations/listvendors.ts
  - src/models/operations/listvulnerabilities.ts
  - src/models/operations/listvulnerabilityremediationsinauditscope.ts
  - src/models/operations/updateauditevidence.ts
  - src/sdk/auditors.ts
  - src/sdk/audits.ts
  - src/sdk/index.ts
  - src/sdk/sdk.ts
  - src/types/blobs.ts
  - src/types/constdatetime.ts
  - src/types/enums.ts
  - src/types/fp.ts
  - src/types/index.ts
  - src/types/operations.ts
  - src/types/rfcdate.ts
  - src/types/streams.ts
  - tsconfig.json
examples:
  ListAudits:
    Example 1:
      responses:
        "200":
          application/json: {"results": {"data": [{"id": "65fc81a3359c8508c9af880f", "customerOrganizationName": "corporation.com", "customerDisplayName": "Corporation Company", "customerOrganizationId": "65fc81a3359c8508c9af880f", "auditStartDate": "2024-03-07T21:25:56Z", "auditEndDate": "2024-03-14T21:25:56Z", "earlyAccessStartsDate": "2024-03-07T21:25:56Z", "framework": "SOC 2 Type II", "allowAuditorEmails": ["sam@auditor.com"], "allowAllAuditors": true, "deletionDate": "2024-03-07T21:25:56Z", "creationDate": "2024-03-07T21:25:56Z", "modificationDate": "2024-03-07T21:25:56Z", "completionDate": "2024-03-07T21:25:56Z"}], "pageInfo": {"endCursor": "YXJyYXljb25uZWN0aW9uOjE=", "hasNextPage": false, "hasPreviousPage": false, "startCursor": "YXJyYXljb25uZWN0aW9uOjA="}}}
  ListVendors:
    Example 1:
      parameters:
        path:
          auditId: "<id>"
        query: {}
      responses:
        "200":
          application/json: {"results": {"data": [{"id": "a2f7e1b9d0c3f4e5a6c7b8d8", "name": "Vanta", "websiteUrl": "https://www.vanta.com/", "accountManagerName": "John Doe", "accountManagerEmail": "john@doe.com", "servicesProvided": "SaaS", "additionalNotes": "Automate compliance and streamline security reviews with the leading trust management platform.", "securityOwnerUserId": "6626afa6490ec920099773e7", "businessOwnerUserId": "6626afb14c912f0a50e85619", "contractStartDate": "2024-02-01T00:00:00Z", "contractRenewalDate": "2025-02-01T00:00:00Z", "contractTerminationDate": null, "nextSecurityReviewDueDate": "2025-01-01T00:00:00Z", "lastSecurityReviewCompletionDate": "2024-01-01T00:00:00Z", "isVisibleToAuditors": true, "isRiskAutoScored": true, "riskAttributeIds": ["6626b0298acc44f8674390da", "6626b02ea4cd9ba80d773c20"], "category": {"displayName": "cloudMonitoring"}, "authDetails": {"passwordMinimumLength": 16, "passwordRequiresSymbol": true, "passwordRequiresNumber": true, "passwordMFA": true, "method": "O_AUTH"}, "status": "MANAGED", "inherentRiskLevel": "HIGH", "residualRiskLevel": "MEDIUM"}], "pageInfo": {"endCursor": "6696ece48eb1f98ff3d927c6", "hasNextPage": false, "hasPreviousPage": false, "startCursor": "6696ea0595df50d5cd6ec3b7"}}}
  ListAuditEvidenceUrls:
    Example 1:
      parameters:
        path:
          auditId: "<id>"
          auditEvidenceId: "<id>"
        query: {}
      responses:
        "200":
          application/json: {"results": {"data": [{"id": "NjVmYzgxYTMzNTljODUwOGM5YWY4ODBm", "url": "https://s3.amazonaws.com/audit-evidence/2022/audit.pdf?X-Amz-Algorithm=AWS4-HMAC-SHA256&X-Amz-Credential=secret%2Fus-east-1%2Fs3%2Faws4_request&X-Amz-Date=20221104T140227Z&X-Amz-Expires=3600&X-Amz-SignedHeaders=host&X-Amz-Signature=b228dbec8c1008c80c162e1210e4503dceead1e4d4751b4d9787314fd6da4d55", "filename": "example.jpg", "isDownloadable": true}], "pageInfo": {"endCursor": "YXJyYXljb25uZWN0aW9uOjE=", "hasNextPage": false, "hasPreviousPage": false, "startCursor": "YXJyYXljb25uZWN0aW9uOjA="}}}
  ListPeopleInAuditScope:
    Example 1:
      parameters:
        path:
          auditId: "<id>"
        query: {}
      responses:
        "200":
          application/json: {"results": {"data": [{"id": "65e1efde08e8478f143a8ff9", "emailAddress": "example-person@email.com", "employment": {"status": "CURRENT", "startDate": "2021-01-01T00:00:00Z", "jobTitle": "Customer success manager", "endDate": null}, "leaveInfo": null, "groupIds": ["5f2c939a52855e725c8d5824"], "name": {"first": "Example", "last": "Person", "display": "Example Person"}, "sources": {"employment": {"endDate": {"integrationId": "gusto", "resourceId": "660c70783d344e660b032323", "type": "INTEGRATION"}, "startDate": {"integrationId": "gusto", "resourceId": "660c70783d344e660b032323", "type": "INTEGRATION"}}, "emailAddress": {"integrationId": "gsuiteadmin", "resourceId": "660c701d3d344e660b032306", "type": "INTEGRATION"}}, "tasksSummary": {"details": {"completeTrainings": {"taskType": "COMPLETE_TRAININGS", "status": "COMPLETE", "dueDate": "2021-12-01T00:00:00Z", "completionDate": "2021-11-01T00:00:00Z", "disabled": {"date": "2021-11-01T00:00:00Z", "reason": "Training Vanta tests have been disabled for this person"}, "incompleteTrainings": [{"name": "Security training 1"}, {"name": "Security training 2"}], "completedTrainings": [{"name": "Security training 3"}, {"name": "Security training 4"}]}, "acceptPolicies": {"taskType": "ACCEPT_POLICIES", "status": "COMPLETE", "dueDate": "2021-12-01T00:00:00Z", "completionDate": "2021-11-01T00:00:00Z", "disabled": null, "unacceptedPolicies": [{"name": "Policy 1"}, {"name": "Policy 2"}], "acceptedPolicies": [{"name": "Policy 3"}, {"name": "Policy 4"}]}, "completeCustomTasks": {"taskType": "COMPLETE_CUSTOM_TASKS", "status": "OVERDUE", "dueDate": "2021-12-01T00:00:00Z", "completionDate": "2021-11-01T00:00:00Z", "disabled": {"date": "2021-11-01T00:00:00Z", "reason": "Custom task Vanta tests have been disabled for this person"}, "incompleteCustomTasks": [{"name": "Custom task 1"}, {"name": "Custom task 2"}], "completedCustomTasks": [{"name": "Custom task 3"}, {"name": "Custom task 4"}]}, "completeOffboardingCustomTasks": {"taskType": "COMPLETE_CUSTOM_OFFBOARDING_TASKS", "status": "COMPLETE", "dueDate": "2021-12-01T00:00:00Z", "completionDate": "2021-11-01T00:00:00Z", "disabled": null, "incompleteCustomOffboardingTasks": [], "completedCustomOffboardingTasks": [{"name": "Custom offboarding task 1"}, {"name": "Custom offboarding task 2"}]}, "installDeviceMonitoring": {"taskType": "INSTALL_DEVICE_MONITORING", "status": "DUE_SOON", "dueDate": "2021-12-01T00:00:00Z", "completionDate": null, "disabled": null}, "completeBackgroundChecks": {"taskType": "COMPLETE_BACKGROUND_CHECKS", "status": "COMPLETE", "dueDate": "2021-12-01T00:00:00Z", "completionDate": "2021-11-01T00:00:00Z", "disabled": null}}, "status": "OVERDUE", "dueDate": "2021-12-01T00:00:00Z", "completionDate": null}}], "pageInfo": {"endCursor": "65e1efde08e8478f143a8ff9", "hasNextPage": false, "hasPreviousPage": false, "startCursor": "65e1efde08e8478f143a8ff9"}}}
  ListVulnerabilityRemediationsInAuditScope:
    Example 1:
      parameters:
        path:
          auditId: "<id>"
        query: {}
      responses:
        "200":
          application/json: {"results": {"data": [{"id": "a2f7e1b9d0c3f4e5a6c7b8d9", "vulnerabilityId": "a2f7e1b9d0c3f4e5a6c7b8d8", "vulnerableAssetId": "a2f7e1b9d0c3f4e5a6c7b8d7", "severity": "critical", "detectedDate": "2021-01-01T00:00:00Z", "slaDeadlineDate": "2021-03-01T00:00:00Z", "remediationDate": "2021-02-01T00:00:00Z"}], "pageInfo": {"endCursor": "YXJyYXljb25uZWN0aW9uOjE=", "hasNextPage": true, "hasPreviousPage": false, "startCursor": "YXJyYXljb25uZWN0aW9uOjA="}}}
  ListAuditEvidence:
    Example 1:
      parameters:
        path:
          auditId: "<id>"
        query: {}
      responses:
        "200":
          application/json: {"results": {"data": [{"id": "65fc81a3359c8508c9af880f", "externalId": "cG9saWN5OmFjY2Vzcy1jb250cm9sLXBvbGljeQo=", "status": "Ready for audit", "name": "Access Control Policy", "deletionDate": "2024-03-07T21:25:56Z", "creationDate": "2024-03-07T21:25:56Z", "statusUpdatedDate": "2024-03-07T21:25:56Z", "testStatus": "The test was passing during this period", "evidenceType": "Policy", "evidenceId": "access-control-policy", "relatedControls": [{"name": "CRY-104", "sectionNames": ["Article 13"]}], "description": "example description of test"}], "pageInfo": {"endCursor": "YXJyYXljb25uZWN0aW9uOjE=", "hasNextPage": false, "hasPreviousPage": false, "startCursor": "YXJyYXljb25uZWN0aW9uOjA="}}}
  ListAuditComments:
    Example 1:
      parameters:
        path:
          auditId: "<id>"
        query: {}
      responses:
        "200":
          application/json: {"results": {"data": [{"id": "65fc81a3359c8508c9af880f", "auditEvidenceId": "65fc81a3359c8508c9af880f", "text": "Some comment", "creationDate": "2024-03-07T21:25:56Z", "modificationDate": "2024-03-07T21:25:56Z", "deletionDate": "2024-03-07T21:25:56Z", "email": "vlad@vantaroo.com"}], "pageInfo": {"endCursor": "YXJyYXljb25uZWN0aW9uOjE=", "hasNextPage": false, "hasPreviousPage": false, "startCursor": "YXJyYXljb25uZWN0aW9uOjA="}}}
  ListAuditControls:
    Example 1:
      parameters:
        path:
          auditId: "<id>"
        query: {}
      responses:
        "200":
          application/json: {"results": {"data": [{"id": "a2f7e1b9d0c3f4e5a6c7b8d9", "externalId": "CRY-104", "name": "Data encryption utilized", "description": "Access reviews are performed to ensure that access is appropriate for the user's role and responsibilities.", "source": "Vanta", "domains": ["CRYPTOGRAPHIC_PROTECTIONS"], "owner": {"id": "65e1efde08e8478f143a8ff9", "displayName": "Example Owner", "emailAddress": "example-person@email.com"}, "role": null, "customFields": [], "framework": "soc2"}], "pageInfo": {"endCursor": "YXJyYXljb25uZWN0aW9uOjE=", "hasNextPage": false, "hasPreviousPage": false, "startCursor": "YXJyYXljb25uZWN0aW9uOjA="}}}
  CreateCommentForAuditEvidence:
    Example 1:
      parameters:
        path:
          auditId: "<id>"
          auditEvidenceId: "<id>"
      requestBody:
        application/json: {"text": "<value>", "email": "Earnestine28@yahoo.com", "creationDate": "2024-11-28T04:59:12.710Z"}
      responses:
        "200":
          application/json: {"id": "65fc81a3359c8508c9af880f", "auditEvidenceId": "65fc81a3359c8508c9af880f", "text": "Some comment", "creationDate": "2024-03-07T21:25:56Z", "modificationDate": "2024-03-07T21:25:56Z", "deletionDate": "2024-03-07T21:25:56Z", "email": "vlad@vantaroo.com"}
  UpdateAuditEvidence:
    Example 1:
      parameters:
        path:
          auditId: "<id>"
          auditEvidenceId: "<id>"
      responses:
        "200":
          application/json: {"id": "65fc81a3359c8508c9af880f", "externalId": "cG9saWN5OmFjY2Vzcy1jb250cm9sLXBvbGljeQo=", "status": "Ready for audit", "name": "Access Control Policy", "deletionDate": "2024-03-07T21:25:56Z", "creationDate": "2024-03-07T21:25:56Z", "statusUpdatedDate": "2024-03-07T21:25:56Z", "testStatus": "The test was passing during this period", "evidenceType": "Policy", "evidenceId": "access-control-policy", "relatedControls": [{"name": "CRY-104", "sectionNames": ["Article 13"]}], "description": "example description of test"}
  CreateCustomEvidenceRequest:
    Example 1:
      parameters:
        path:
          auditId: "<id>"
      requestBody:
        application/json: {"controlIds": ["<value>"], "title": "<value>", "description": "now whoa while", "cadence": "P3M", "reminderWindow": "P0D", "isRestricted": true, "auditorEmail": "<value>"}
      responses:
        "200":
          application/json: {"id": "65fc81a3359c8508c9af880f", "controlIds": ["1.1.2.a"], "title": "Access Control Policy", "description": "Description for Access Control Policy", "cadence": "P6M", "reminderWindow": "P6M", "isRestricted": true}
  CreateCustomControl:
    Example 1:
      parameters:
        path:
          auditId: "<id>"
      requestBody:
        application/json: {"externalId": "<id>", "name": "<value>", "description": "even keenly afore mmm yearningly ouch tough yearly intent", "effectiveDate": "2024-07-08T11:52:30.590Z", "category": "THREAT_MANAGEMENT"}
      responses:
        "201":
          application/json: {"id": "a2f7e1b9d0c3f4e5a6c7b8d9", "externalId": "CRY-104", "name": "Data encryption utilized", "description": "Access reviews are performed to ensure that access is appropriate for the user's role and responsibilities.", "source": "Vanta", "domains": ["CRYPTOGRAPHIC_PROTECTIONS"], "owner": {"id": "65e1efde08e8478f143a8ff9", "displayName": "Example Owner", "emailAddress": "example-person@email.com"}, "role": "CONTROLLER", "customFields": [{"label": "Additional context", "value": "This control is critical for GDPR compliance"}]}
  ListVulnerabilities:
    Example 1:
      parameters:
        path:
          auditId: "<id>"
        query: {}
      responses:
        "200":
          application/json: {"results": {"data": [{"id": "a2f7e1b9d0c3f4e5a6c7b8d9", "name": "CVE-2021-12345", "description": "MariaDB before 10.6.2 allows an application crash because of mishandling of a pushdown from a HAVING clause to a WHERE clause.", "integrationId": "Inspector", "packageIdentifier": "package", "vulnerabilityType": "COMMON", "targetId": "targetId", "firstDetectedDate": "2021-01-01T00:00:00Z", "sourceDetectedDate": "2021-01-01T00:00:00Z", "lastDetectedDate": "2021-01-01T00:00:00Z", "severity": "CRITICAL", "cvssSeverityScore": 9.8, "scannerScore": 100, "isFixable": true, "remediateByDate": "2021-01-01T00:00:00Z", "relatedVulns": ["CVE-2021-12345"], "relatedUrls": ["https://cve.mitre.org/cgi-bin/cvename.cgi?name=CVE-2021-12345"], "externalURL": "https://cve.mitre.org/cgi-bin/cvename.cgi?name=CVE-2021-12345", "scanSource": "Not provided", "deactivateMetadata": {"isVulnDeactivatedIndefinitely": true, "deactivatedUntilDate": null, "deactivationReason": "fix is too hard to carry out", "deactivatedOnDate": "2021-01-01T00:00:00Z", "deactivatedBy": "b2f7e1b9d0c3f4e5a6c7b123"}}], "pageInfo": {"endCursor": "YXJyYXljb25uZWN0aW9uOjE=", "hasNextPage": true, "hasPreviousPage": false, "startCursor": "YXJyYXljb25uZWN0aW9uOjA="}}}
  GetVulnerableAssets:
    Example 1:
      parameters:
        path:
          auditId: "<id>"
        query: {}
      responses:
        "200":
          application/json: {"results": {"data": [{"id": "a2f7e1b9d0c3f4e5a6c7b8d9", "name": "CVE-2021-12345", "assetType": "SERVER", "hasBeenScanned": true, "imageScanTag": "apac-production:latest", "scanners": [{"resourceId": "6733c25f852819d3b8d97a86", "integrationId": "qualys", "imageDigest": "sha256:123456", "imagePushedAtDate": "2021-01-01T00:00:00Z", "imageTags": ["candidate-1234567890"], "assetTags": [{"key": "company-name", "value": "vanta-llama"}], "parentAccountOrOrganization": "12345678-abcd-cdef-ab12-abcd1234bbbb", "biosUuid": "123456", "ipv4s": ["12.12.123.123"], "ipv6s": null, "macAddresses": ["1234AB987FED"], "hostnames": ["purple-llama"], "fqdns": ["purple-llama"], "operatingSystems": ["Windows11"], "targetId": "12345678-abcd-cdef-ab12-abcd1234bbbc"}]}], "pageInfo": {"endCursor": "YXJyYXljb25uZWN0aW9uOjE=", "hasNextPage": true, "hasPreviousPage": false, "startCursor": "YXJyYXljb25uZWN0aW9uOjA="}}}
  CreateAuditor:
    Example 1:
      requestBody:
        application/json: {"email": "Cooper59@hotmail.com", "givenName": "<value>", "familyName": "<value>"}
      responses:
        "200":
          application/json: {"id": "65fc81a3359c8508c9af880f", "organizationId": "8c9af880f1a335965fc850c8", "email": "testauditor@audit.com", "givenName": "Sam", "familyName": "Auditor"}
generatedTests: {}
