speakeasyVersion: 1.467.1
sources:
    logan-vanta-OAS:
        sourceNamespace: vanta-test-oas
        sourceRevisionDigest: sha256:25954e5ef480e0e5dc93d079f3cc94f1cd12e2ea8646835be34f7abf3a8eb4bd
        sourceBlobDigest: sha256:21101bfee4b6ea5dc2c064b4ec998a2798ad224ad603a69d7eb782d2c4ecb80f
        tags:
            - latest
            - 1.0.0
targets:
    logan-vanta:
        source: logan-vanta-OAS
        sourceNamespace: vanta-test-oas
        sourceRevisionDigest: sha256:25954e5ef480e0e5dc93d079f3cc94f1cd12e2ea8646835be34f7abf3a8eb4bd
        sourceBlobDigest: sha256:21101bfee4b6ea5dc2c064b4ec998a2798ad224ad603a69d7eb782d2c4ecb80f
        codeSamplesNamespace: vanta-test-oas-typescript-code-samples
        codeSamplesRevisionDigest: sha256:7e6ebb84b8e7031f076f562ab4f62307ee2b6fd2853f2e1ec93ab7b362273624
workflow:
    workflowVersion: 1.0.0
    speakeasyVersion: latest
    sources:
        logan-vanta-OAS:
            inputs:
                - location: https://raw.githubusercontent.com/logangingerich/test/refs/heads/main/api-spec.yaml
                  authHeader: Authorization
                  authSecret: $openapi_doc_auth_token
            registry:
                location: registry.speakeasyapi.dev/loganinc/loganinc/vanta-test-oas
    targets:
        logan-vanta:
            target: typescript
            source: logan-vanta-OAS
            codeSamples:
                registry:
                    location: registry.speakeasyapi.dev/loganinc/loganinc/vanta-test-oas-typescript-code-samples
                labelOverride:
                    fixedValue: Typescript (SDK)
                blocking: false
