speakeasyVersion: 1.467.1
sources:
    logan-vanta-OAS:
        sourceNamespace: logan-vanta-oas
        sourceRevisionDigest: sha256:4c9c73bda6c705e9ba81bbf97d2b7b1ea83c4375fc987dbb2f6b83fa2a46e4f4
        sourceBlobDigest: sha256:21101bfee4b6ea5dc2c064b4ec998a2798ad224ad603a69d7eb782d2c4ecb80f
        tags:
            - latest
            - 1.0.0
targets:
    logan-vanta:
        source: logan-vanta-OAS
        sourceNamespace: logan-vanta-oas
        sourceRevisionDigest: sha256:4c9c73bda6c705e9ba81bbf97d2b7b1ea83c4375fc987dbb2f6b83fa2a46e4f4
        sourceBlobDigest: sha256:21101bfee4b6ea5dc2c064b4ec998a2798ad224ad603a69d7eb782d2c4ecb80f
workflow:
    workflowVersion: 1.0.0
    speakeasyVersion: latest
    sources:
        logan-vanta-OAS:
            inputs:
                - location: https://raw.githubusercontent.com/logangingerich/test/refs/heads/main/api-spec.yaml
                  authHeader: Authorization
                  authSecret: $openapi_doc_auth_token
            registry:
                location: registry.speakeasyapi.dev/vanta/vanta/logan-vanta-oas
    targets:
        logan-vanta:
            target: typescript
            source: logan-vanta-OAS
            codeSamples:
                registry:
                    location: registry.speakeasyapi.dev/vanta/vanta/logan-vanta-oas-typescript-code-samples
                labelOverride:
                    fixedValue: Typescript (SDK)
                blocking: false
